
Microsoft Visual Studio Solution File, Format Version 12.00
# Visual Studio Version 16
VisualStudioVersion = 16.0.30011.22
MinimumVisualStudioVersion = 10.0.40219.1
Project("{FAE04EC0-301F-11D3-BF4B-00C04F79EFBC}") = "FinalFour", "FinalFour\FinalFour.csproj", "{190D9EE2-A30E-41D8-8291-45315AC2FC02}"
EndProject
Global
	GlobalSection(SolutionConfigurationPlatforms) = preSolution
		Debug|Any CPU = Debug|Any CPU
		Release|Any CPU = Release|Any CPU
	EndGlobalSection
	GlobalSection(ProjectConfigurationPlatforms) = postSolution
		{190D9EE2-A30E-41D8-8291-45315AC2FC02}.Debug|Any CPU.ActiveCfg = Debug|Any CPU
		{190D9EE2-A30E-41D8-8291-45315AC2FC02}.Debug|Any CPU.Build.0 = Debug|Any CPU
		{190D9EE2-A30E-41D8-8291-45315AC2FC02}.Release|Any CPU.ActiveCfg = Release|Any CPU
		{190D9EE2-A30E-41D8-8291-45315AC2FC02}.Release|Any CPU.Build.0 = Release|Any CPU
	EndGlobalSection
	GlobalSection(SolutionProperties) = preSolution
		HideSolutionNode = FALSE
	EndGlobalSection
	GlobalSection(ExtensibilityGlobals) = postSolution
		SolutionGuid = {C9FF8419-2943-41EA-861D-7D0425D77AEE}
	EndGlobalSection
EndGlobal
